
Microsoft Visual Studio Solution File, Format Version 12.00
# Visual Studio Version 16
VisualStudioVersion = 16.0.30320.27
MinimumVisualStudioVersion = 10.0.40219.1
Project("{FAE04EC0-301F-11D3-BF4B-00C04F79EFBC}") = "BMS2", "BMS2\BMS2.csproj", "{158ED35A-0EC3-4A97-8397-E43072B8ED12}"
EndProject
Global
	GlobalSection(SolutionConfigurationPlatforms) = preSolution
		Debug|Any CPU = Debug|Any CPU
		Release|Any CPU = Release|Any CPU
	EndGlobalSection
	GlobalSection(ProjectConfigurationPlatforms) = postSolution
		{158ED35A-0EC3-4A97-8397-E43072B8ED12}.Debug|Any CPU.ActiveCfg = Debug|Any CPU
		{158ED35A-0EC3-4A97-8397-E43072B8ED12}.Debug|Any CPU.Build.0 = Debug|Any CPU
		{158ED35A-0EC3-4A97-8397-E43072B8ED12}.Release|Any CPU.ActiveCfg = Release|Any CPU
		{158ED35A-0EC3-4A97-8397-E43072B8ED12}.Release|Any CPU.Build.0 = Release|Any CPU
	EndGlobalSection
	GlobalSection(SolutionProperties) = preSolution
		HideSolutionNode = FALSE
	EndGlobalSection
	GlobalSection(ExtensibilityGlobals) = postSolution
		SolutionGuid = {ED1033E2-2C62-4B45-8A7E-49BF2ED056A6}
	EndGlobalSection
EndGlobal
